
Microsoft Visual Studio Solution File, Format Version 12.00
# Visual Studio Version 17
VisualStudioVersion = 17.12.35506.116
MinimumVisualStudioVersion = 10.0.40219.1
Project("{FAE04EC0-301F-11D3-BF4B-00C04F79EFBC}") = "TournamentApiV2", "TournamentApiV2\TournamentApiV2.csproj", "{57907C46-A722-46E9-9CC7-CDCE395E346B}"
EndProject
Project("{FAE04EC0-301F-11D3-BF4B-00C04F79EFBC}") = "Config", "Config\Config.csproj", "{26253F9B-2E38-43C8-BEF1-D6F815FFAD62}"
EndProject
Project("{FAE04EC0-301F-11D3-BF4B-00C04F79EFBC}") = "DataAccess", "DataAccess\DataAccess.csproj", "{BCA72DD2-DEF6-4E2C-8377-A51ACF31D921}"
EndProject
Project("{FAE04EC0-301F-11D3-BF4B-00C04F79EFBC}") = "Models", "Models\Models.csproj", "{B06B0939-270F-4D1F-BAD7-EA6CDFE10ACA}"
EndProject
Project("{FAE04EC0-301F-11D3-BF4B-00C04F79EFBC}") = "Services", "Services\Services.csproj", "{FAFD0E8B-D539-4471-B58F-B0687B0077D1}"
EndProject
Project("{FAE04EC0-301F-11D3-BF4B-00C04F79EFBC}") = "Core", "Core\Core.csproj", "{E6B1A985-16BE-483E-AD44-CA2AC5B96788}"
EndProject
Global
	GlobalSection(SolutionConfigurationPlatforms) = preSolution
		Debug|Any CPU = Debug|Any CPU
		Release|Any CPU = Release|Any CPU
	EndGlobalSection
	GlobalSection(ProjectConfigurationPlatforms) = postSolution
		{57907C46-A722-46E9-9CC7-CDCE395E346B}.Debug|Any CPU.ActiveCfg = Debug|Any CPU
		{57907C46-A722-46E9-9CC7-CDCE395E346B}.Debug|Any CPU.Build.0 = Debug|Any CPU
		{57907C46-A722-46E9-9CC7-CDCE395E346B}.Release|Any CPU.ActiveCfg = Release|Any CPU
		{57907C46-A722-46E9-9CC7-CDCE395E346B}.Release|Any CPU.Build.0 = Release|Any CPU
		{26253F9B-2E38-43C8-BEF1-D6F815FFAD62}.Debug|Any CPU.ActiveCfg = Debug|Any CPU
		{26253F9B-2E38-43C8-BEF1-D6F815FFAD62}.Debug|Any CPU.Build.0 = Debug|Any CPU
		{26253F9B-2E38-43C8-BEF1-D6F815FFAD62}.Release|Any CPU.ActiveCfg = Release|Any CPU
		{26253F9B-2E38-43C8-BEF1-D6F815FFAD62}.Release|Any CPU.Build.0 = Release|Any CPU
		{BCA72DD2-DEF6-4E2C-8377-A51ACF31D921}.Debug|Any CPU.ActiveCfg = Debug|Any CPU
		{BCA72DD2-DEF6-4E2C-8377-A51ACF31D921}.Debug|Any CPU.Build.0 = Debug|Any CPU
		{BCA72DD2-DEF6-4E2C-8377-A51ACF31D921}.Release|Any CPU.ActiveCfg = Release|Any CPU
		{BCA72DD2-DEF6-4E2C-8377-A51ACF31D921}.Release|Any CPU.Build.0 = Release|Any CPU
		{B06B0939-270F-4D1F-BAD7-EA6CDFE10ACA}.Debug|Any CPU.ActiveCfg = Debug|Any CPU
		{B06B0939-270F-4D1F-BAD7-EA6CDFE10ACA}.Debug|Any CPU.Build.0 = Debug|Any CPU
		{B06B0939-270F-4D1F-BAD7-EA6CDFE10ACA}.Release|Any CPU.ActiveCfg = Release|Any CPU
		{B06B0939-270F-4D1F-BAD7-EA6CDFE10ACA}.Release|Any CPU.Build.0 = Release|Any CPU
		{FAFD0E8B-D539-4471-B58F-B0687B0077D1}.Debug|Any CPU.ActiveCfg = Debug|Any CPU
		{FAFD0E8B-D539-4471-B58F-B0687B0077D1}.Debug|Any CPU.Build.0 = Debug|Any CPU
		{FAFD0E8B-D539-4471-B58F-B0687B0077D1}.Release|Any CPU.ActiveCfg = Release|Any CPU
		{FAFD0E8B-D539-4471-B58F-B0687B0077D1}.Release|Any CPU.Build.0 = Release|Any CPU
		{E6B1A985-16BE-483E-AD44-CA2AC5B96788}.Debug|Any CPU.ActiveCfg = Debug|Any CPU
		{E6B1A985-16BE-483E-AD44-CA2AC5B96788}.Debug|Any CPU.Build.0 = Debug|Any CPU
		{E6B1A985-16BE-483E-AD44-CA2AC5B96788}.Release|Any CPU.ActiveCfg = Release|Any CPU
		{E6B1A985-16BE-483E-AD44-CA2AC5B96788}.Release|Any CPU.Build.0 = Release|Any CPU
	EndGlobalSection
	GlobalSection(SolutionProperties) = preSolution
		HideSolutionNode = FALSE
	EndGlobalSection
EndGlobal
